{
  "name": "Forge-mdk-2-World-Gen",
  "lockfileVersion": 3,
  "requires": true,
  "packages": {
    "": {
      "dependencies": {
        "vscode-json-languageservice-minecraft": "^0.0.1"
      }
    },
    "node_modules/jsonc-parser": {
      "version": "2.3.1",
      "resolved": "https://registry.npmjs.org/jsonc-parser/-/jsonc-parser-2.3.1.tgz",
      "integrity": "sha512-H8jvkz1O50L3dMZCsLqiuB2tA7muqbSg1AtGEkN0leAqGjsUzDJir3Zwr02BhqdcITPg3ei3mZ+HjMocAknhhg=="
    },
    "node_modules/vscode-json-languageservice-minecraft": {
      "version": "0.0.1",
      "resolved": "https://registry.npmjs.org/vscode-json-languageservice-minecraft/-/vscode-json-languageservice-minecraft-0.0.1.tgz",
      "integrity": "sha512-zNwrCwq69uBECFmlmtQqHgVuZT0F+O10StBWVopkd0G3vQsLkGGbBiYMdpK1ywWLTkwSeuGMJVMfuzGzyOIXUw==",
      "dependencies": {
        "jsonc-parser": "^2.0.2",
        "vscode-languageserver-types": "^3.13.0",
        "vscode-nls": "^4.0.0",
        "vscode-uri": "^1.0.6"
      }
    },
    "node_modules/vscode-languageserver-types": {
      "version": "3.17.3",
      "resolved": "https://registry.npmjs.org/vscode-languageserver-types/-/vscode-languageserver-types-3.17.3.tgz",
      "integrity": "sha512-SYU4z1dL0PyIMd4Vj8YOqFvHu7Hz/enbWtpfnVbJHU4Nd1YNYx8u0ennumc6h48GQNeOLxmwySmnADouT/AuZA=="
    },
    "node_modules/vscode-nls": {
      "version": "4.1.2",
      "resolved": "https://registry.npmjs.org/vscode-nls/-/vscode-nls-4.1.2.tgz",
      "integrity": "sha512-7bOHxPsfyuCqmP+hZXscLhiHwe7CSuFE4hyhbs22xPIhQ4jv99FcR4eBzfYYVLP356HNFpdvz63FFb/xw6T4Iw=="
    },
    "node_modules/vscode-uri": {
      "version": "1.0.8",
      "resolved": "https://registry.npmjs.org/vscode-uri/-/vscode-uri-1.0.8.tgz",
      "integrity": "sha512-obtSWTlbJ+a+TFRYGaUumtVwb+InIUVI0Lu0VBUAPmj2cU5JutEXg3xUE0c2J5Tcy7h2DEKVJBFi+Y9ZSFzzPQ=="
    }
  }
}
